
Microsoft Visual Studio Solution File, Format Version 12.00
# Visual Studio 15
VisualStudioVersion = 15.0.27004.2002
MinimumVisualStudioVersion = 10.0.40219.1
Project("{FAE04EC0-301F-11D3-BF4B-00C04F79EFBC}") = "IntoSquare", "IntoSquare\IntoSquare.csproj", "{31A7EF99-2312-4E8C-BF10-5555462F3173}"
EndProject
Global
	GlobalSection(SolutionConfigurationPlatforms) = preSolution
		Debug|Any CPU = Debug|Any CPU
		Release|Any CPU = Release|Any CPU
	EndGlobalSection
	GlobalSection(ProjectConfigurationPlatforms) = postSolution
		{31A7EF99-2312-4E8C-BF10-5555462F3173}.Debug|Any CPU.ActiveCfg = Debug|Any CPU
		{31A7EF99-2312-4E8C-BF10-5555462F3173}.Debug|Any CPU.Build.0 = Debug|Any CPU
		{31A7EF99-2312-4E8C-BF10-5555462F3173}.Release|Any CPU.ActiveCfg = Release|Any CPU
		{31A7EF99-2312-4E8C-BF10-5555462F3173}.Release|Any CPU.Build.0 = Release|Any CPU
	EndGlobalSection
	GlobalSection(SolutionProperties) = preSolution
		HideSolutionNode = FALSE
	EndGlobalSection
	GlobalSection(ExtensibilityGlobals) = postSolution
		SolutionGuid = {95ACD644-D23B-4056-ABF4-E17D1BFC9CF4}
	EndGlobalSection
EndGlobal
